
Microsoft Visual Studio Solution File, Format Version 12.00
Project("{FAE04EC0-301F-11D3-BF4B-00C04F79EFBC}") = "YP2.5", "YP2.5\YP2.5.csproj", "{52DF272F-9870-4B87-A7BE-4761687924FD}"
EndProject
Global
	GlobalSection(SolutionConfigurationPlatforms) = preSolution
		Debug|Any CPU = Debug|Any CPU
		Release|Any CPU = Release|Any CPU
	EndGlobalSection
	GlobalSection(ProjectConfigurationPlatforms) = postSolution
		{52DF272F-9870-4B87-A7BE-4761687924FD}.Debug|Any CPU.ActiveCfg = Debug|Any CPU
		{52DF272F-9870-4B87-A7BE-4761687924FD}.Debug|Any CPU.Build.0 = Debug|Any CPU
		{52DF272F-9870-4B87-A7BE-4761687924FD}.Release|Any CPU.ActiveCfg = Release|Any CPU
		{52DF272F-9870-4B87-A7BE-4761687924FD}.Release|Any CPU.Build.0 = Release|Any CPU
	EndGlobalSection
EndGlobal
