
Microsoft Visual Studio Solution File, Format Version 12.00
Project("{FAE04EC0-301F-11D3-BF4B-00C04F79EFBC}") = "YP2.2", "YP2.2\YP2.2.csproj", "{F66C67DC-E93A-4436-9AEF-CD8EB4F76AB3}"
EndProject
Global
	GlobalSection(SolutionConfigurationPlatforms) = preSolution
		Debug|Any CPU = Debug|Any CPU
		Release|Any CPU = Release|Any CPU
	EndGlobalSection
	GlobalSection(ProjectConfigurationPlatforms) = postSolution
		{F66C67DC-E93A-4436-9AEF-CD8EB4F76AB3}.Debug|Any CPU.ActiveCfg = Debug|Any CPU
		{F66C67DC-E93A-4436-9AEF-CD8EB4F76AB3}.Debug|Any CPU.Build.0 = Debug|Any CPU
		{F66C67DC-E93A-4436-9AEF-CD8EB4F76AB3}.Release|Any CPU.ActiveCfg = Release|Any CPU
		{F66C67DC-E93A-4436-9AEF-CD8EB4F76AB3}.Release|Any CPU.Build.0 = Release|Any CPU
	EndGlobalSection
EndGlobal
